// !$*UTF8*$!
{
	archiveVersion = 1;
	classes = {
	};
	objectVersion = 56;
	objects = {

/* Begin PBXBuildFile section */
		4450E41E2A71A13D00546595 /* Colors.xcassets in Resources */ = {isa = PBXBuildFile; fileRef = 4450E41D2A71A13D00546595 /* Colors.xcassets */; };
		4450E4202A71A28400546595 /* Color+UsedGames.swift in Sources */ = {isa = PBXBuildFile; fileRef = 4450E41F2A71A28400546595 /* Color+UsedGames.swift */; };
		4450E4222A71A49700546595 /* GameListItem.swift in Sources */ = {isa = PBXBuildFile; fileRef = 4450E4212A71A49700546595 /* GameListItem.swift */; };
		4454E4A52A7041AF0035F89C /* UsedGames+Formatter.swift in Sources */ = {isa = PBXBuildFile; fileRef = 4454E4A42A7041AF0035F89C /* UsedGames+Formatter.swift */; };
		44D2139A2A72EADF00D14AA8 /* ContentView_withoutNavigation.swift in Sources */ = {isa = PBXBuildFile; fileRef = 44D213992A72EADF00D14AA8 /* ContentView_withoutNavigation.swift */; };
		44F3C0FA2A5B267600F631EC /* UsedGamesApp.swift in Sources */ = {isa = PBXBuildFile; fileRef = 44F3C0F92A5B267600F631EC /* UsedGamesApp.swift */; };
		44F3C0FC2A5B267600F631EC /* ContentView.swift in Sources */ = {isa = PBXBuildFile; fileRef = 44F3C0FB2A5B267600F631EC /* ContentView.swift */; };
		44F3C0FE2A5B267700F631EC /* Assets.xcassets in Resources */ = {isa = PBXBuildFile; fileRef = 44F3C0FD2A5B267700F631EC /* Assets.xcassets */; };
		44F3C1012A5B267700F631EC /* Preview Assets.xcassets in Resources */ = {isa = PBXBuildFile; fileRef = 44F3C1002A5B267700F631EC /* Preview Assets.xcassets */; };
		44F3C1082A5B26C300F631EC /* Game.swift in Sources */ = {isa = PBXBuildFile; fileRef = 44F3C1072A5B26C300F631EC /* Game.swift */; };
		44F3C10A2A5B2B9A00F631EC /* GameStore.swift in Sources */ = {isa = PBXBuildFile; fileRef = 44F3C1092A5B2B9A00F631EC /* GameStore.swift */; };
/* End PBXBuildFile section */

/* Begin PBXFileReference section */
		4450E41D2A71A13D00546595 /* Colors.xcassets */ = {isa = PBXFileReference; lastKnownFileType = folder.assetcatalog; path = Colors.xcassets; sourceTree = "<group>"; };
		4450E41F2A71A28400546595 /* Color+UsedGames.swift */ = {isa = PBXFileReference; lastKnownFileType = sourcecode.swift; path = "Color+UsedGames.swift"; sourceTree = "<group>"; };
		4450E4212A71A49700546595 /* GameListItem.swift */ = {isa = PBXFileReference; lastKnownFileType = sourcecode.swift; path = GameListItem.swift; sourceTree = "<group>"; };
		4454E4A42A7041AF0035F89C /* UsedGames+Formatter.swift */ = {isa = PBXFileReference; lastKnownFileType = sourcecode.swift; path = "UsedGames+Formatter.swift"; sourceTree = "<group>"; };
		44D213992A72EADF00D14AA8 /* ContentView_withoutNavigation.swift */ = {isa = PBXFileReference; lastKnownFileType = sourcecode.swift; path = ContentView_withoutNavigation.swift; sourceTree = "<group>"; };
		44F3C0F62A5B267600F631EC /* UsedGames.app */ = {isa = PBXFileReference; explicitFileType = wrapper.application; includeInIndex = 0; path = UsedGames.app; sourceTree = BUILT_PRODUCTS_DIR; };
		44F3C0F92A5B267600F631EC /* UsedGamesApp.swift */ = {isa = PBXFileReference; lastKnownFileType = sourcecode.swift; path = UsedGamesApp.swift; sourceTree = "<group>"; };
		44F3C0FB2A5B267600F631EC /* ContentView.swift */ = {isa = PBXFileReference; lastKnownFileType = sourcecode.swift; path = ContentView.swift; sourceTree = "<group>"; };
		44F3C0FD2A5B267700F631EC /* Assets.xcassets */ = {isa = PBXFileReference; lastKnownFileType = folder.assetcatalog; path = Assets.xcassets; sourceTree = "<group>"; };
		44F3C1002A5B267700F631EC /* Preview Assets.xcassets */ = {isa = PBXFileReference; lastKnownFileType = folder.assetcatalog; path = "Preview Assets.xcassets"; sourceTree = "<group>"; };
		44F3C1072A5B26C300F631EC /* Game.swift */ = {isa = PBXFileReference; lastKnownFileType = sourcecode.swift; path = Game.swift; sourceTree = "<group>"; };
		44F3C1092A5B2B9A00F631EC /* GameStore.swift */ = {isa = PBXFileReference; lastKnownFileType = sourcecode.swift; path = GameStore.swift; sourceTree = "<group>"; };
/* End PBXFileReference section */

/* Begin PBXFrameworksBuildPhase section */
		44F3C0F32A5B267600F631EC /* Frameworks */ = {
			isa = PBXFrameworksBuildPhase;
			buildActionMask = 2147483647;
			files = (
			);
			runOnlyForDeploymentPostprocessing = 0;
		};
/* End PBXFrameworksBuildPhase section */

/* Begin PBXGroup section */
		44F3C0ED2A5B267600F631EC = {
			isa = PBXGroup;
			children = (
				44F3C0F82A5B267600F631EC /* UsedGames */,
				44F3C0F72A5B267600F631EC /* Products */,
			);
			sourceTree = "<group>";
		};
		44F3C0F72A5B267600F631EC /* Products */ = {
			isa = PBXGroup;
			children = (
				44F3C0F62A5B267600F631EC /* UsedGames.app */,
			);
			name = Products;
			sourceTree = "<group>";
		};
		44F3C0F82A5B267600F631EC /* UsedGames */ = {
			isa = PBXGroup;
			children = (
				44F3C0F92A5B267600F631EC /* UsedGamesApp.swift */,
				44F3C0FB2A5B267600F631EC /* ContentView.swift */,
				44D213992A72EADF00D14AA8 /* ContentView_withoutNavigation.swift */,
				4454E4A42A7041AF0035F89C /* UsedGames+Formatter.swift */,
				44F3C1072A5B26C300F631EC /* Game.swift */,
				44F3C1092A5B2B9A00F631EC /* GameStore.swift */,
				44F3C0FD2A5B267700F631EC /* Assets.xcassets */,
				4450E41D2A71A13D00546595 /* Colors.xcassets */,
				44F3C0FF2A5B267700F631EC /* Preview Content */,
				4450E41F2A71A28400546595 /* Color+UsedGames.swift */,
				4450E4212A71A49700546595 /* GameListItem.swift */,
			);
			path = UsedGames;
			sourceTree = "<group>";
		};
		44F3C0FF2A5B267700F631EC /* Preview Content */ = {
			isa = PBXGroup;
			children = (
				44F3C1002A5B267700F631EC /* Preview Assets.xcassets */,
			);
			path = "Preview Content";
			sourceTree = "<group>";
		};
/* End PBXGroup section */

/* Begin PBXNativeTarget section */
		44F3C0F52A5B267600F631EC /* UsedGames */ = {
			isa = PBXNativeTarget;
			buildConfigurationList = 44F3C1042A5B267700F631EC /* Build configuration list for PBXNativeTarget "UsedGames" */;
			buildPhases = (
				44F3C0F22A5B267600F631EC /* Sources */,
				44F3C0F32A5B267600F631EC /* Frameworks */,
				44F3C0F42A5B267600F631EC /* Resources */,
			);
			buildRules = (
			);
			dependencies = (
			);
			name = UsedGames;
			productName = UsedGames;
			productReference = 44F3C0F62A5B267600F631EC /* UsedGames.app */;
			productType = "com.apple.product-type.application";
		};
/* End PBXNativeTarget section */

/* Begin PBXProject section */
		44F3C0EE2A5B267600F631EC /* Project object */ = {
			isa = PBXProject;
			attributes = {
				BuildIndependentTargetsInParallel = 1;
				LastSwiftUpdateCheck = 1430;
				LastUpgradeCheck = 1430;
				TargetAttributes = {
					44F3C0F52A5B267600F631EC = {
						CreatedOnToolsVersion = 14.3.1;
					};
				};
			};
			buildConfigurationList = 44F3C0F12A5B267600F631EC /* Build configuration list for PBXProject "UsedGames" */;
			compatibilityVersion = "Xcode 14.0";
			developmentRegion = en;
			hasScannedForEncodings = 0;
			knownRegions = (
				en,
				Base,
			);
			mainGroup = 44F3C0ED2A5B267600F631EC;
			productRefGroup = 44F3C0F72A5B267600F631EC /* Products */;
			projectDirPath = "";
			projectRoot = "";
			targets = (
				44F3C0F52A5B267600F631EC /* UsedGames */,
			);
		};
/* End PBXProject section */

/* Begin PBXResourcesBuildPhase section */
		44F3C0F42A5B267600F631EC /* Resources */ = {
			isa = PBXResourcesBuildPhase;
			buildActionMask = 2147483647;
			files = (
				4450E41E2A71A13D00546595 /* Colors.xcassets in Resources */,
				44F3C1012A5B267700F631EC /* Preview Assets.xcassets in Resources */,
				44F3C0FE2A5B267700F631EC /* Assets.xcassets in Resources */,
			);
			runOnlyForDeploymentPostprocessing = 0;
		};
/* End PBXResourcesBuildPhase section */

/* Begin PBXSourcesBuildPhase section */
		44F3C0F22A5B267600F631EC /* Sources */ = {
			isa = PBXSourcesBuildPhase;
			buildActionMask = 2147483647;
			files = (
				44F3C0FC2A5B267600F631EC /* ContentView.swift in Sources */,
				4450E4202A71A28400546595 /* Color+UsedGames.swift in Sources */,
				4450E4222A71A49700546595 /* GameListItem.swift in Sources */,
				44F3C10A2A5B2B9A00F631EC /* GameStore.swift in Sources */,
				4454E4A52A7041AF0035F89C /* UsedGames+Formatter.swift in Sources */,
				44F3C1082A5B26C300F631EC /* Game.swift in Sources */,
				44F3C0FA2A5B267600F631EC /* UsedGamesApp.swift in Sources */,
				44D2139A2A72EADF00D14AA8 /* ContentView_withoutNavigation.swift in Sources */,
			);
			runOnlyForDeploymentPostprocessing = 0;
		};
/* End PBXSourcesBuildPhase section */

/* Begin XCBuildConfiguration section */
		44F3C1022A5B267700F631EC /* Debug */ = {
			isa = XCBuildConfiguration;
			buildSettings = {
				ALWAYS_SEARCH_USER_PATHS = NO;
				CLANG_ANALYZER_NONNULL = YES;
				CLANG_ANALYZER_NUMBER_OBJECT_CONVERSION = YES_AGGRESSIVE;
				CLANG_CXX_LANGUAGE_STANDARD = "gnu++20";
				CLANG_ENABLE_MODULES = YES;
				CLANG_ENABLE_OBJC_ARC = YES;
				CLANG_ENABLE_OBJC_WEAK = YES;
				CLANG_WARN_BLOCK_CAPTURE_AUTORELEASING = YES;
				CLANG_WARN_BOOL_CONVERSION = YES;
				CLANG_WARN_COMMA = YES;
				CLANG_WARN_CONSTANT_CONVERSION = YES;
				CLANG_WARN_DEPRECATED_OBJC_IMPLEMENTATIONS = YES;
				CLANG_WARN_DIRECT_OBJC_ISA_USAGE = YES_ERROR;
				CLANG_WARN_DOCUMENTATION_COMMENTS = YES;
				CLANG_WARN_EMPTY_BODY = YES;
				CLANG_WARN_ENUM_CONVERSION = YES;
				CLANG_WARN_INFINITE_RECURSION = YES;
				CLANG_WARN_INT_CONVERSION = YES;
				CLANG_WARN_NON_LITERAL_NULL_CONVERSION = YES;
				CLANG_WARN_OBJC_IMPLICIT_RETAIN_SELF = YES;
				CLANG_WARN_OBJC_LITERAL_CONVERSION = YES;
				CLANG_WARN_OBJC_ROOT_CLASS = YES_ERROR;
				CLANG_WARN_QUOTED_INCLUDE_IN_FRAMEWORK_HEADER = YES;
				CLANG_WARN_RANGE_LOOP_ANALYSIS = YES;
				CLANG_WARN_STRICT_PROTOTYPES = YES;
				CLANG_WARN_SUSPICIOUS_MOVE = YES;
				CLANG_WARN_UNGUARDED_AVAILABILITY = YES_AGGRESSIVE;
				CLANG_WARN_UNREACHABLE_CODE = YES;
				CLANG_WARN__DUPLICATE_METHOD_MATCH = YES;
				COPY_PHASE_STRIP = NO;
				DEBUG_INFORMATION_FORMAT = dwarf;
				ENABLE_STRICT_OBJC_MSGSEND = YES;
				ENABLE_TESTABILITY = YES;
				GCC_C_LANGUAGE_STANDARD = gnu11;
				GCC_DYNAMIC_NO_PIC = NO;
				GCC_NO_COMMON_BLOCKS = YES;
				GCC_OPTIMIZATION_LEVEL = 0;
				GCC_PREPROCESSOR_DEFINITIONS = (
					"DEBUG=1",
					"$(inherited)",
				);
				GCC_WARN_64_TO_32_BIT_CONVERSION = YES;
				GCC_WARN_ABOUT_RETURN_TYPE = YES_ERROR;
				GCC_WARN_UNDECLARED_SELECTOR = YES;
				GCC_WARN_UNINITIALIZED_AUTOS = YES_AGGRESSIVE;
				GCC_WARN_UNUSED_FUNCTION = YES;
				GCC_WARN_UNUSED_VARIABLE = YES;
				IPHONEOS_DEPLOYMENT_TARGET = 16.4;
				MTL_ENABLE_DEBUG_INFO = INCLUDE_SOURCE;
				MTL_FAST_MATH = YES;
				ONLY_ACTIVE_ARCH = YES;
				SDKROOT = iphoneos;
				SWIFT_ACTIVE_COMPILATION_CONDITIONS = DEBUG;
				SWIFT_OPTIMIZATION_LEVEL = "-Onone";
			};
			name = Debug;
		};
		44F3C1032A5B267700F631EC /* Release */ = {
			isa = XCBuildConfiguration;
			buildSettings = {
				ALWAYS_SEARCH_USER_PATHS = NO;
				CLANG_ANALYZER_NONNULL = YES;
				CLANG_ANALYZER_NUMBER_OBJECT_CONVERSION = YES_AGGRESSIVE;
				CLANG_CXX_LANGUAGE_STANDARD = "gnu++20";
				CLANG_ENABLE_MODULES = YES;
				CLANG_ENABLE_OBJC_ARC = YES;
				CLANG_ENABLE_OBJC_WEAK = YES;
				CLANG_WARN_BLOCK_CAPTURE_AUTORELEASING = YES;
				CLANG_WARN_BOOL_CONVERSION = YES;
				CLANG_WARN_COMMA = YES;
				CLANG_WARN_CONSTANT_CONVERSION = YES;
				CLANG_WARN_DEPRECATED_OBJC_IMPLEMENTATIONS = YES;
				CLANG_WARN_DIRECT_OBJC_ISA_USAGE = YES_ERROR;
				CLANG_WARN_DOCUMENTATION_COMMENTS = YES;
				CLANG_WARN_EMPTY_BODY = YES;
				CLANG_WARN_ENUM_CONVERSION = YES;
				CLANG_WARN_INFINITE_RECURSION = YES;
				CLANG_WARN_INT_CONVERSION = YES;
				CLANG_WARN_NON_LITERAL_NULL_CONVERSION = YES;
				CLANG_WARN_OBJC_IMPLICIT_RETAIN_SELF = YES;
				CLANG_WARN_OBJC_LITERAL_CONVERSION = YES;
				CLANG_WARN_OBJC_ROOT_CLASS = YES_ERROR;
				CLANG_WARN_QUOTED_INCLUDE_IN_FRAMEWORK_HEADER = YES;
				CLANG_WARN_RANGE_LOOP_ANALYSIS = YES;
				CLANG_WARN_STRICT_PROTOTYPES = YES;
				CLANG_WARN_SUSPICIOUS_MOVE = YES;
				CLANG_WARN_UNGUARDED_AVAILABILITY = YES_AGGRESSIVE;
				CLANG_WARN_UNREACHABLE_CODE = YES;
				CLANG_WARN__DUPLICATE_METHOD_MATCH = YES;
				COPY_PHASE_STRIP = NO;
				DEBUG_INFORMATION_FORMAT = "dwarf-with-dsym";
				ENABLE_NS_ASSERTIONS = NO;
				ENABLE_STRICT_OBJC_MSGSEND = YES;
				GCC_C_LANGUAGE_STANDARD = gnu11;
				GCC_NO_COMMON_BLOCKS = YES;
				GCC_WARN_64_TO_32_BIT_CONVERSION = YES;
				GCC_WARN_ABOUT_RETURN_TYPE = YES_ERROR;
				GCC_WARN_UNDECLARED_SELECTOR = YES;
				GCC_WARN_UNINITIALIZED_AUTOS = YES_AGGRESSIVE;
				GCC_WARN_UNUSED_FUNCTION = YES;
				GCC_WARN_UNUSED_VARIABLE = YES;
				IPHONEOS_DEPLOYMENT_TARGET = 16.4;
				MTL_ENABLE_DEBUG_INFO = NO;
				MTL_FAST_MATH = YES;
				SDKROOT = iphoneos;
				SWIFT_COMPILATION_MODE = wholemodule;
				SWIFT_OPTIMIZATION_LEVEL = "-O";
				VALIDATE_PRODUCT = YES;
			};
			name = Release;
		};
		44F3C1052A5B267700F631EC /* Debug */ = {
			isa = XCBuildConfiguration;
			buildSettings = {
				ASSETCATALOG_COMPILER_APPICON_NAME = AppIcon;
				ASSETCATALOG_COMPILER_GLOBAL_ACCENT_COLOR_NAME = AccentColor;
				CODE_SIGN_STYLE = Automatic;
				CURRENT_PROJECT_VERSION = 1;
				DEVELOPMENT_ASSET_PATHS = "\"UsedGames/Preview Content\"";
				ENABLE_PREVIEWS = YES;
				GENERATE_INFOPLIST_FILE = YES;
				INFOPLIST_KEY_UIApplicationSceneManifest_Generation = YES;
				INFOPLIST_KEY_UIApplicationSupportsIndirectInputEvents = YES;
				INFOPLIST_KEY_UILaunchScreen_Generation = YES;
				INFOPLIST_KEY_UISupportedInterfaceOrientations_iPad = "UIInterfaceOrientationPortrait UIInterfaceOrientationPortraitUpsideDown UIInterfaceOrientationLandscapeLeft UIInterfaceOrientationLandscapeRight";
				INFOPLIST_KEY_UISupportedInterfaceOrientations_iPhone = "UIInterfaceOrientationPortrait UIInterfaceOrientationLandscapeLeft UIInterfaceOrientationLandscapeRight";
				LD_RUNPATH_SEARCH_PATHS = (
					"$(inherited)",
					"@executable_path/Frameworks",
				);
				MARKETING_VERSION = 1.0;
				PRODUCT_BUNDLE_IDENTIFIER = online.cesurkedi.UsedGames;
				PRODUCT_NAME = "$(TARGET_NAME)";
				SWIFT_EMIT_LOC_STRINGS = YES;
				SWIFT_VERSION = 5.0;
				TARGETED_DEVICE_FAMILY = "1,2";
			};
			name = Debug;
		};
		44F3C1062A5B267700F631EC /* Release */ = {
			isa = XCBuildConfiguration;
			buildSettings = {
				ASSETCATALOG_COMPILER_APPICON_NAME = AppIcon;
				ASSETCATALOG_COMPILER_GLOBAL_ACCENT_COLOR_NAME = AccentColor;
				CODE_SIGN_STYLE = Automatic;
				CURRENT_PROJECT_VERSION = 1;
				DEVELOPMENT_ASSET_PATHS = "\"UsedGames/Preview Content\"";
				ENABLE_PREVIEWS = YES;
				GENERATE_INFOPLIST_FILE = YES;
				INFOPLIST_KEY_UIApplicationSceneManifest_Generation = YES;
				INFOPLIST_KEY_UIApplicationSupportsIndirectInputEvents = YES;
				INFOPLIST_KEY_UILaunchScreen_Generation = YES;
				INFOPLIST_KEY_UISupportedInterfaceOrientations_iPad = "UIInterfaceOrientationPortrait UIInterfaceOrientationPortraitUpsideDown UIInterfaceOrientationLandscapeLeft UIInterfaceOrientationLandscapeRight";
				INFOPLIST_KEY_UISupportedInterfaceOrientations_iPhone = "UIInterfaceOrientationPortrait UIInterfaceOrientationLandscapeLeft UIInterfaceOrientationLandscapeRight";
				LD_RUNPATH_SEARCH_PATHS = (
					"$(inherited)",
					"@executable_path/Frameworks",
				);
				MARKETING_VERSION = 1.0;
				PRODUCT_BUNDLE_IDENTIFIER = online.cesurkedi.UsedGames;
				PRODUCT_NAME = "$(TARGET_NAME)";
				SWIFT_EMIT_LOC_STRINGS = YES;
				SWIFT_VERSION = 5.0;
				TARGETED_DEVICE_FAMILY = "1,2";
			};
			name = Release;
		};
/* End XCBuildConfiguration section */

/* Begin XCConfigurationList section */
		44F3C0F12A5B267600F631EC /* Build configuration list for PBXProject "UsedGames" */ = {
			isa = XCConfigurationList;
			buildConfigurations = (
				44F3C1022A5B267700F631EC /* Debug */,
				44F3C1032A5B267700F631EC /* Release */,
			);
			defaultConfigurationIsVisible = 0;
			defaultConfigurationName = Release;
		};
		44F3C1042A5B267700F631EC /* Build configuration list for PBXNativeTarget "UsedGames" */ = {
			isa = XCConfigurationList;
			buildConfigurations = (
				44F3C1052A5B267700F631EC /* Debug */,
				44F3C1062A5B267700F631EC /* Release */,
			);
			defaultConfigurationIsVisible = 0;
			defaultConfigurationName = Release;
		};
/* End XCConfigurationList section */
	};
	rootObject = 44F3C0EE2A5B267600F631EC /* Project object */;
}
